
Microsoft Visual Studio Solution File, Format Version 12.00
# Visual Studio Version 17
VisualStudioVersion = 17.3.32825.248
MinimumVisualStudioVersion = 10.0.40219.1
Project("{9A19103F-16F7-4668-BE54-9A1E7A4F7556}") = "API", "API\API.csproj", "{EF86107F-3664-4F3A-9192-3BC916BA3B37}"
EndProject
Project("{9A19103F-16F7-4668-BE54-9A1E7A4F7556}") = "CommonModel", "CommonModel\CommonModel.csproj", "{674F781F-AE8C-4F1A-BCE8-4A449DB23478}"
EndProject
Project("{9A19103F-16F7-4668-BE54-9A1E7A4F7556}") = "CustomerSite", "CustomerSite\CustomerSite.csproj", "{8167225E-3581-45E6-9F8C-B40741652794}"
EndProject
Project("{9A19103F-16F7-4668-BE54-9A1E7A4F7556}") = "ApiTest", "ApiTest\ApiTest.csproj", "{F0BB38D5-0BB9-4C5C-BCE4-F95F6E4BE075}"
EndProject
Project("{9A19103F-16F7-4668-BE54-9A1E7A4F7556}") = "DataAccess", "DataAccess\DataAccess.csproj", "{EC2671BE-BBE4-4EB2-AF25-22C6932A3903}"
EndProject
Project("{FAE04EC0-301F-11D3-BF4B-00C04F79EFBC}") = "identityserver", "identityserver\identityserver.csproj", "{9CB9891B-FC6E-4414-9013-3FCB3712010E}"
EndProject
Project("{FAE04EC0-301F-11D3-BF4B-00C04F79EFBC}") = "AuthServer", "AuthServer\AuthServer.csproj", "{6CFDCCD2-5AC0-45B1-99C4-35A510612FE0}"
EndProject
Global
	GlobalSection(SolutionConfigurationPlatforms) = preSolution
		Debug|Any CPU = Debug|Any CPU
		Release|Any CPU = Release|Any CPU
	EndGlobalSection
	GlobalSection(ProjectConfigurationPlatforms) = postSolution
		{EF86107F-3664-4F3A-9192-3BC916BA3B37}.Debug|Any CPU.ActiveCfg = Debug|Any CPU
		{EF86107F-3664-4F3A-9192-3BC916BA3B37}.Debug|Any CPU.Build.0 = Debug|Any CPU
		{EF86107F-3664-4F3A-9192-3BC916BA3B37}.Release|Any CPU.ActiveCfg = Release|Any CPU
		{EF86107F-3664-4F3A-9192-3BC916BA3B37}.Release|Any CPU.Build.0 = Release|Any CPU
		{674F781F-AE8C-4F1A-BCE8-4A449DB23478}.Debug|Any CPU.ActiveCfg = Debug|Any CPU
		{674F781F-AE8C-4F1A-BCE8-4A449DB23478}.Debug|Any CPU.Build.0 = Debug|Any CPU
		{674F781F-AE8C-4F1A-BCE8-4A449DB23478}.Release|Any CPU.ActiveCfg = Release|Any CPU
		{674F781F-AE8C-4F1A-BCE8-4A449DB23478}.Release|Any CPU.Build.0 = Release|Any CPU
		{8167225E-3581-45E6-9F8C-B40741652794}.Debug|Any CPU.ActiveCfg = Debug|Any CPU
		{8167225E-3581-45E6-9F8C-B40741652794}.Debug|Any CPU.Build.0 = Debug|Any CPU
		{8167225E-3581-45E6-9F8C-B40741652794}.Release|Any CPU.ActiveCfg = Release|Any CPU
		{8167225E-3581-45E6-9F8C-B40741652794}.Release|Any CPU.Build.0 = Release|Any CPU
		{F0BB38D5-0BB9-4C5C-BCE4-F95F6E4BE075}.Debug|Any CPU.ActiveCfg = Debug|Any CPU
		{F0BB38D5-0BB9-4C5C-BCE4-F95F6E4BE075}.Debug|Any CPU.Build.0 = Debug|Any CPU
		{F0BB38D5-0BB9-4C5C-BCE4-F95F6E4BE075}.Release|Any CPU.ActiveCfg = Release|Any CPU
		{F0BB38D5-0BB9-4C5C-BCE4-F95F6E4BE075}.Release|Any CPU.Build.0 = Release|Any CPU
		{EC2671BE-BBE4-4EB2-AF25-22C6932A3903}.Debug|Any CPU.ActiveCfg = Debug|Any CPU
		{EC2671BE-BBE4-4EB2-AF25-22C6932A3903}.Debug|Any CPU.Build.0 = Debug|Any CPU
		{EC2671BE-BBE4-4EB2-AF25-22C6932A3903}.Release|Any CPU.ActiveCfg = Release|Any CPU
		{EC2671BE-BBE4-4EB2-AF25-22C6932A3903}.Release|Any CPU.Build.0 = Release|Any CPU
		{9CB9891B-FC6E-4414-9013-3FCB3712010E}.Debug|Any CPU.ActiveCfg = Debug|Any CPU
		{9CB9891B-FC6E-4414-9013-3FCB3712010E}.Debug|Any CPU.Build.0 = Debug|Any CPU
		{9CB9891B-FC6E-4414-9013-3FCB3712010E}.Release|Any CPU.ActiveCfg = Release|Any CPU
		{9CB9891B-FC6E-4414-9013-3FCB3712010E}.Release|Any CPU.Build.0 = Release|Any CPU
		{6CFDCCD2-5AC0-45B1-99C4-35A510612FE0}.Debug|Any CPU.ActiveCfg = Debug|Any CPU
		{6CFDCCD2-5AC0-45B1-99C4-35A510612FE0}.Debug|Any CPU.Build.0 = Debug|Any CPU
		{6CFDCCD2-5AC0-45B1-99C4-35A510612FE0}.Release|Any CPU.ActiveCfg = Release|Any CPU
		{6CFDCCD2-5AC0-45B1-99C4-35A510612FE0}.Release|Any CPU.Build.0 = Release|Any CPU
	EndGlobalSection
	GlobalSection(SolutionProperties) = preSolution
		HideSolutionNode = FALSE
	EndGlobalSection
	GlobalSection(ExtensibilityGlobals) = postSolution
		SolutionGuid = {93109127-5F4C-42DA-A202-430A4759F9D5}
	EndGlobalSection
EndGlobal
